
Microsoft Visual Studio Solution File, Format Version 12.00
# Visual Studio Version 16
VisualStudioVersion = 16.0.29318.209
MinimumVisualStudioVersion = 10.0.40219.1
Project("{FAE04EC0-301F-11D3-BF4B-00C04F79EFBC}") = "CarTallerCDL", "CarTallerCDL\CarTallerCDL.csproj", "{2DFA0176-8E53-433A-926B-CBBF88B7DACD}"
EndProject
Global
	GlobalSection(SolutionConfigurationPlatforms) = preSolution
		Debug|Any CPU = Debug|Any CPU
		Release|Any CPU = Release|Any CPU
	EndGlobalSection
	GlobalSection(ProjectConfigurationPlatforms) = postSolution
		{2DFA0176-8E53-433A-926B-CBBF88B7DACD}.Debug|Any CPU.ActiveCfg = Debug|Any CPU
		{2DFA0176-8E53-433A-926B-CBBF88B7DACD}.Debug|Any CPU.Build.0 = Debug|Any CPU
		{2DFA0176-8E53-433A-926B-CBBF88B7DACD}.Release|Any CPU.ActiveCfg = Release|Any CPU
		{2DFA0176-8E53-433A-926B-CBBF88B7DACD}.Release|Any CPU.Build.0 = Release|Any CPU
	EndGlobalSection
	GlobalSection(SolutionProperties) = preSolution
		HideSolutionNode = FALSE
	EndGlobalSection
	GlobalSection(ExtensibilityGlobals) = postSolution
		SolutionGuid = {4F0C8770-2FA9-4CF4-A060-9A382833EF8A}
	EndGlobalSection
EndGlobal
